
Microsoft Visual Studio Solution File, Format Version 12.00
# Visual Studio Version 17
VisualStudioVersion = 17.3.32901.215
MinimumVisualStudioVersion = 10.0.40219.1
Project("{2150E333-8FDC-42A3-9474-1A3956D46DE8}") = "Sample", "Sample", "{9094A10A-6E58-43EE-AB0E-65C9291B9171}"
EndProject
Project("{9A19103F-16F7-4668-BE54-9A1E7A4F7556}") = "Sample.App", "Sample\Sample.App\Sample.App.csproj", "{CD9D9337-8C8C-45A7-B0D7-A5BA8FF8B599}"
EndProject
Project("{9A19103F-16F7-4668-BE54-9A1E7A4F7556}") = "Sample.DbProj", "Sample\Sample.DbProj\Sample.DbProj.csproj", "{59FA3091-C9E6-42B5-8FDF-51580D49F038}"
EndProject
Project("{9A19103F-16F7-4668-BE54-9A1E7A4F7556}") = "Sample.ModelGenerator", "Sample\Sample.ModelGenerator\Sample.ModelGenerator.csproj", "{7290E613-D765-4AC3-81A0-A9EC89440446}"
EndProject
Project("{9A19103F-16F7-4668-BE54-9A1E7A4F7556}") = "Net.EntityFramework.CodeGenerator.Core", "src\Net.EntityFramework.CodeGenerator.Core\Net.EntityFramework.CodeGenerator.Core.csproj", "{92D19681-D564-4FE6-9F13-E170AB41FFAB}"
EndProject
Project("{9A19103F-16F7-4668-BE54-9A1E7A4F7556}") = "Net.EntityFramework.CodeGenerator.SqlServer", "src\Net.EntityFramework.CodeGenerator.SqlServer\Net.EntityFramework.CodeGenerator.SqlServer.csproj", "{CB13F3C8-64F8-49D0-A54A-5C2BEE020778}"
EndProject
Global
	GlobalSection(SolutionConfigurationPlatforms) = preSolution
		Debug|Any CPU = Debug|Any CPU
		Release|Any CPU = Release|Any CPU
	EndGlobalSection
	GlobalSection(ProjectConfigurationPlatforms) = postSolution
		{CD9D9337-8C8C-45A7-B0D7-A5BA8FF8B599}.Debug|Any CPU.ActiveCfg = Debug|Any CPU
		{CD9D9337-8C8C-45A7-B0D7-A5BA8FF8B599}.Debug|Any CPU.Build.0 = Debug|Any CPU
		{CD9D9337-8C8C-45A7-B0D7-A5BA8FF8B599}.Release|Any CPU.ActiveCfg = Release|Any CPU
		{CD9D9337-8C8C-45A7-B0D7-A5BA8FF8B599}.Release|Any CPU.Build.0 = Release|Any CPU
		{59FA3091-C9E6-42B5-8FDF-51580D49F038}.Debug|Any CPU.ActiveCfg = Debug|Any CPU
		{59FA3091-C9E6-42B5-8FDF-51580D49F038}.Debug|Any CPU.Build.0 = Debug|Any CPU
		{59FA3091-C9E6-42B5-8FDF-51580D49F038}.Release|Any CPU.ActiveCfg = Release|Any CPU
		{59FA3091-C9E6-42B5-8FDF-51580D49F038}.Release|Any CPU.Build.0 = Release|Any CPU
		{7290E613-D765-4AC3-81A0-A9EC89440446}.Debug|Any CPU.ActiveCfg = Debug|Any CPU
		{7290E613-D765-4AC3-81A0-A9EC89440446}.Debug|Any CPU.Build.0 = Debug|Any CPU
		{7290E613-D765-4AC3-81A0-A9EC89440446}.Release|Any CPU.ActiveCfg = Release|Any CPU
		{7290E613-D765-4AC3-81A0-A9EC89440446}.Release|Any CPU.Build.0 = Release|Any CPU
		{92D19681-D564-4FE6-9F13-E170AB41FFAB}.Debug|Any CPU.ActiveCfg = Debug|Any CPU
		{92D19681-D564-4FE6-9F13-E170AB41FFAB}.Debug|Any CPU.Build.0 = Debug|Any CPU
		{92D19681-D564-4FE6-9F13-E170AB41FFAB}.Release|Any CPU.ActiveCfg = Release|Any CPU
		{92D19681-D564-4FE6-9F13-E170AB41FFAB}.Release|Any CPU.Build.0 = Release|Any CPU
		{CB13F3C8-64F8-49D0-A54A-5C2BEE020778}.Debug|Any CPU.ActiveCfg = Debug|Any CPU
		{CB13F3C8-64F8-49D0-A54A-5C2BEE020778}.Debug|Any CPU.Build.0 = Debug|Any CPU
		{CB13F3C8-64F8-49D0-A54A-5C2BEE020778}.Release|Any CPU.ActiveCfg = Release|Any CPU
		{CB13F3C8-64F8-49D0-A54A-5C2BEE020778}.Release|Any CPU.Build.0 = Release|Any CPU
	EndGlobalSection
	GlobalSection(SolutionProperties) = preSolution
		HideSolutionNode = FALSE
	EndGlobalSection
	GlobalSection(NestedProjects) = preSolution
		{CD9D9337-8C8C-45A7-B0D7-A5BA8FF8B599} = {9094A10A-6E58-43EE-AB0E-65C9291B9171}
		{59FA3091-C9E6-42B5-8FDF-51580D49F038} = {9094A10A-6E58-43EE-AB0E-65C9291B9171}
		{7290E613-D765-4AC3-81A0-A9EC89440446} = {9094A10A-6E58-43EE-AB0E-65C9291B9171}
	EndGlobalSection
	GlobalSection(ExtensibilityGlobals) = postSolution
		SolutionGuid = {2750D931-9603-44C4-BF79-3F80FD042D41}
	EndGlobalSection
EndGlobal
