
Microsoft Visual Studio Solution File, Format Version 12.00
# Visual Studio Version 17
VisualStudioVersion = 17.3.32901.215
MinimumVisualStudioVersion = 10.0.40219.1
Project("{9A19103F-16F7-4668-BE54-9A1E7A4F7556}") = "EntityFramework.CodeGenerator.Core", "EntityFramework.CodeGenerator.Core\EntityFramework.CodeGenerator.Core.csproj", "{46B451F9-9366-4562-BBD5-BBF0B47E4184}"
EndProject
Project("{9A19103F-16F7-4668-BE54-9A1E7A4F7556}") = "EntityFramework.CodeGenerator.SqlServer", "EntityFramework.CodeGenerator.SqlServer\EntityFramework.CodeGenerator.SqlServer.csproj", "{3FF5FFB6-A562-4CFB-9665-7B465B19E259}"
EndProject
Global
	GlobalSection(SolutionConfigurationPlatforms) = preSolution
		Debug|Any CPU = Debug|Any CPU
		Release|Any CPU = Release|Any CPU
	EndGlobalSection
	GlobalSection(ProjectConfigurationPlatforms) = postSolution
		{46B451F9-9366-4562-BBD5-BBF0B47E4184}.Debug|Any CPU.ActiveCfg = Debug|Any CPU
		{46B451F9-9366-4562-BBD5-BBF0B47E4184}.Debug|Any CPU.Build.0 = Debug|Any CPU
		{46B451F9-9366-4562-BBD5-BBF0B47E4184}.Release|Any CPU.ActiveCfg = Release|Any CPU
		{46B451F9-9366-4562-BBD5-BBF0B47E4184}.Release|Any CPU.Build.0 = Release|Any CPU
		{3FF5FFB6-A562-4CFB-9665-7B465B19E259}.Debug|Any CPU.ActiveCfg = Debug|Any CPU
		{3FF5FFB6-A562-4CFB-9665-7B465B19E259}.Debug|Any CPU.Build.0 = Debug|Any CPU
		{3FF5FFB6-A562-4CFB-9665-7B465B19E259}.Release|Any CPU.ActiveCfg = Release|Any CPU
		{3FF5FFB6-A562-4CFB-9665-7B465B19E259}.Release|Any CPU.Build.0 = Release|Any CPU
	EndGlobalSection
	GlobalSection(SolutionProperties) = preSolution
		HideSolutionNode = FALSE
	EndGlobalSection
	GlobalSection(ExtensibilityGlobals) = postSolution
		SolutionGuid = {2750D931-9603-44C4-BF79-3F80FD042D41}
	EndGlobalSection
EndGlobal
