
Microsoft Visual Studio Solution File, Format Version 12.00
# Visual Studio Version 17
VisualStudioVersion = 17.3.32901.215
MinimumVisualStudioVersion = 10.0.40219.1
Project("{9A19103F-16F7-4668-BE54-9A1E7A4F7556}") = "Net.EntityFramework.CodeGenerator.Core", "Net.EntityFramework.CodeGenerator.Core\Net.EntityFramework.CodeGenerator.Core.csproj", "{90F1783D-B1A2-4DBC-8786-8E022DC3E059}"
EndProject
Project("{9A19103F-16F7-4668-BE54-9A1E7A4F7556}") = "Net.EntityFramework.CodeGenerator.SqlServer", "Net.EntityFramework.CodeGenerator.SqlServer\Net.EntityFramework.CodeGenerator.SqlServer.csproj", "{727E0FEA-5EB6-47EA-8FEA-1718920D321F}"
EndProject
Global
	GlobalSection(SolutionConfigurationPlatforms) = preSolution
		Debug|Any CPU = Debug|Any CPU
		Release|Any CPU = Release|Any CPU
	EndGlobalSection
	GlobalSection(ProjectConfigurationPlatforms) = postSolution
		{90F1783D-B1A2-4DBC-8786-8E022DC3E059}.Debug|Any CPU.ActiveCfg = Debug|Any CPU
		{90F1783D-B1A2-4DBC-8786-8E022DC3E059}.Debug|Any CPU.Build.0 = Debug|Any CPU
		{90F1783D-B1A2-4DBC-8786-8E022DC3E059}.Release|Any CPU.ActiveCfg = Release|Any CPU
		{90F1783D-B1A2-4DBC-8786-8E022DC3E059}.Release|Any CPU.Build.0 = Release|Any CPU
		{727E0FEA-5EB6-47EA-8FEA-1718920D321F}.Debug|Any CPU.ActiveCfg = Debug|Any CPU
		{727E0FEA-5EB6-47EA-8FEA-1718920D321F}.Debug|Any CPU.Build.0 = Debug|Any CPU
		{727E0FEA-5EB6-47EA-8FEA-1718920D321F}.Release|Any CPU.ActiveCfg = Release|Any CPU
		{727E0FEA-5EB6-47EA-8FEA-1718920D321F}.Release|Any CPU.Build.0 = Release|Any CPU
	EndGlobalSection
	GlobalSection(SolutionProperties) = preSolution
		HideSolutionNode = FALSE
	EndGlobalSection
	GlobalSection(ExtensibilityGlobals) = postSolution
		SolutionGuid = {2750D931-9603-44C4-BF79-3F80FD042D41}
	EndGlobalSection
EndGlobal
